// !$*UTF8*$!
{
	archiveVersion = 1;
	classes = {
	};
	objectVersion = 77;
	objects = {

/* Begin PBXBuildFile section */
		59526312A73E38EB4EC75C09 /* Pods_FoodiUITests.framework in Frameworks */ = {isa = PBXBuildFile; fileRef = 0B8208E05EC7ED743EC75558 /* Pods_FoodiUITests.framework */; };
		BD7AA5D62E9748B9003DA16B /* FirebaseAuth in Frameworks */ = {isa = PBXBuildFile; productRef = BD7AA5D52E9748B9003DA16B /* FirebaseAuth */; };
		BD7AA5D82E9748B9003DA16B /* FirebaseCore in Frameworks */ = {isa = PBXBuildFile; productRef = BD7AA5D72E9748B9003DA16B /* FirebaseCore */; };
		BD7AA5DA2E9748B9003DA16B /* FirebaseFirestore in Frameworks */ = {isa = PBXBuildFile; productRef = BD7AA5D92E9748B9003DA16B /* FirebaseFirestore */; };
		BD7AA5DC2E9748B9003DA16B /* FirebaseStorage in Frameworks */ = {isa = PBXBuildFile; productRef = BD7AA5DB2E9748B9003DA16B /* FirebaseStorage */; };
		D1542CAA6C71565BC56792A5 /* Pods_FoodiTests.framework in Frameworks */ = {isa = PBXBuildFile; fileRef = 068575AA2803823E742758FD /* Pods_FoodiTests.framework */; };
/* End PBXBuildFile section */

/* Begin PBXContainerItemProxy section */
		BDC173CE2E97059700C4B5CE /* PBXContainerItemProxy */ = {
			isa = PBXContainerItemProxy;
			containerPortal = BDC173B82E97059400C4B5CE /* Project object */;
			proxyType = 1;
			remoteGlobalIDString = BDC173BF2E97059400C4B5CE;
			remoteInfo = Foodi;
		};
		BDC173D82E97059700C4B5CE /* PBXContainerItemProxy */ = {
			isa = PBXContainerItemProxy;
			containerPortal = BDC173B82E97059400C4B5CE /* Project object */;
			proxyType = 1;
			remoteGlobalIDString = BDC173BF2E97059400C4B5CE;
			remoteInfo = Foodi;
		};
/* End PBXContainerItemProxy section */

/* Begin PBXFileReference section */
		068575AA2803823E742758FD /* Pods_FoodiTests.framework */ = {isa = PBXFileReference; explicitFileType = wrapper.framework; includeInIndex = 0; path = Pods_FoodiTests.framework; sourceTree = BUILT_PRODUCTS_DIR; };
		0B8208E05EC7ED743EC75558 /* Pods_FoodiUITests.framework */ = {isa = PBXFileReference; explicitFileType = wrapper.framework; includeInIndex = 0; path = Pods_FoodiUITests.framework; sourceTree = BUILT_PRODUCTS_DIR; };
		840745B83B560CC79918866B /* Pods_Foodi.framework */ = {isa = PBXFileReference; explicitFileType = wrapper.framework; includeInIndex = 0; path = Pods_Foodi.framework; sourceTree = BUILT_PRODUCTS_DIR; };
		BDC173C02E97059400C4B5CE /* Foodi.app */ = {isa = PBXFileReference; explicitFileType = wrapper.application; includeInIndex = 0; path = Foodi.app; sourceTree = BUILT_PRODUCTS_DIR; };
		BDC173CD2E97059700C4B5CE /* FoodiTests.xctest */ = {isa = PBXFileReference; explicitFileType = wrapper.cfbundle; includeInIndex = 0; path = FoodiTests.xctest; sourceTree = BUILT_PRODUCTS_DIR; };
		BDC173D72E97059700C4B5CE /* FoodiUITests.xctest */ = {isa = PBXFileReference; explicitFileType = wrapper.cfbundle; includeInIndex = 0; path = FoodiUITests.xctest; sourceTree = BUILT_PRODUCTS_DIR; };
/* End PBXFileReference section */

/* Begin PBXFileSystemSynchronizedRootGroup section */
		BDC173C22E97059400C4B5CE /* Foodi-App */ = {
			isa = PBXFileSystemSynchronizedRootGroup;
			path = "Foodi-App";
			sourceTree = "<group>";
		};
		BDC173D02E97059700C4B5CE /* FoodiTests */ = {
			isa = PBXFileSystemSynchronizedRootGroup;
			path = FoodiTests;
			sourceTree = "<group>";
		};
		BDC173DA2E97059700C4B5CE /* FoodiUITests */ = {
			isa = PBXFileSystemSynchronizedRootGroup;
			path = FoodiUITests;
			sourceTree = "<group>";
		};
/* End PBXFileSystemSynchronizedRootGroup section */

/* Begin PBXFrameworksBuildPhase section */
		BDC173BD2E97059400C4B5CE /* Frameworks */ = {
			isa = PBXFrameworksBuildPhase;
			buildActionMask = 2147483647;
			files = (
				BD7AA5D82E9748B9003DA16B /* FirebaseCore in Frameworks */,
				BD7AA5DC2E9748B9003DA16B /* FirebaseStorage in Frameworks */,
				BD7AA5D62E9748B9003DA16B /* FirebaseAuth in Frameworks */,
				BD7AA5DA2E9748B9003DA16B /* FirebaseFirestore in Frameworks */,
			);
			runOnlyForDeploymentPostprocessing = 0;
		};
		BDC173CA2E97059700C4B5CE /* Frameworks */ = {
			isa = PBXFrameworksBuildPhase;
			buildActionMask = 2147483647;
			files = (
				D1542CAA6C71565BC56792A5 /* Pods_FoodiTests.framework in Frameworks */,
			);
			runOnlyForDeploymentPostprocessing = 0;
		};
		BDC173D42E97059700C4B5CE /* Frameworks */ = {
			isa = PBXFrameworksBuildPhase;
			buildActionMask = 2147483647;
			files = (
				59526312A73E38EB4EC75C09 /* Pods_FoodiUITests.framework in Frameworks */,
			);
			runOnlyForDeploymentPostprocessing = 0;
		};
/* End PBXFrameworksBuildPhase section */

/* Begin PBXGroup section */
		BD7AA5D42E9748B9003DA16B /* Frameworks */ = {
			isa = PBXGroup;
			children = (
				840745B83B560CC79918866B /* Pods_Foodi.framework */,
				068575AA2803823E742758FD /* Pods_FoodiTests.framework */,
				0B8208E05EC7ED743EC75558 /* Pods_FoodiUITests.framework */,
			);
			name = Frameworks;
			sourceTree = "<group>";
		};
		BDC173B72E97059400C4B5CE = {
			isa = PBXGroup;
			children = (
				BDC173C22E97059400C4B5CE /* Foodi-App */,
				BDC173D02E97059700C4B5CE /* FoodiTests */,
				BDC173DA2E97059700C4B5CE /* FoodiUITests */,
				BD7AA5D42E9748B9003DA16B /* Frameworks */,
				BDC173C12E97059400C4B5CE /* Products */,
			);
			sourceTree = "<group>";
		};
		BDC173C12E97059400C4B5CE /* Products */ = {
			isa = PBXGroup;
			children = (
				BDC173C02E97059400C4B5CE /* Foodi.app */,
				BDC173CD2E97059700C4B5CE /* FoodiTests.xctest */,
				BDC173D72E97059700C4B5CE /* FoodiUITests.xctest */,
			);
			name = Products;
			sourceTree = "<group>";
		};
/* End PBXGroup section */

/* Begin PBXNativeTarget section */
		BDC173BF2E97059400C4B5CE /* Foodi */ = {
			isa = PBXNativeTarget;
			buildConfigurationList = BDC173E12E97059700C4B5CE /* Build configuration list for PBXNativeTarget "Foodi" */;
			buildPhases = (
				BDC173BC2E97059400C4B5CE /* Sources */,
				BDC173BD2E97059400C4B5CE /* Frameworks */,
				BDC173BE2E97059400C4B5CE /* Resources */,
			);
			buildRules = (
			);
			dependencies = (
			);
			fileSystemSynchronizedGroups = (
				BDC173C22E97059400C4B5CE /* Foodi-App */,
			);
			name = Foodi;
			packageProductDependencies = (
				BD7AA5D52E9748B9003DA16B /* FirebaseAuth */,
				BD7AA5D72E9748B9003DA16B /* FirebaseCore */,
				BD7AA5D92E9748B9003DA16B /* FirebaseFirestore */,
				BD7AA5DB2E9748B9003DA16B /* FirebaseStorage */,
			);
			productName = Foodi;
			productReference = BDC173C02E97059400C4B5CE /* Foodi.app */;
			productType = "com.apple.product-type.application";
		};
		BDC173CC2E97059700C4B5CE /* FoodiTests */ = {
			isa = PBXNativeTarget;
			buildConfigurationList = BDC173E42E97059700C4B5CE /* Build configuration list for PBXNativeTarget "FoodiTests" */;
			buildPhases = (
				57E5426874E3B2335CC44BA5 /* [CP] Check Pods Manifest.lock */,
				BDC173C92E97059700C4B5CE /* Sources */,
				BDC173CA2E97059700C4B5CE /* Frameworks */,
				BDC173CB2E97059700C4B5CE /* Resources */,
			);
			buildRules = (
			);
			dependencies = (
				BDC173CF2E97059700C4B5CE /* PBXTargetDependency */,
			);
			fileSystemSynchronizedGroups = (
				BDC173D02E97059700C4B5CE /* FoodiTests */,
			);
			name = FoodiTests;
			productName = FoodiTests;
			productReference = BDC173CD2E97059700C4B5CE /* FoodiTests.xctest */;
			productType = "com.apple.product-type.bundle.unit-test";
		};
		BDC173D62E97059700C4B5CE /* FoodiUITests */ = {
			isa = PBXNativeTarget;
			buildConfigurationList = BDC173E72E97059700C4B5CE /* Build configuration list for PBXNativeTarget "FoodiUITests" */;
			buildPhases = (
				14D78BA5DCB638758AF37FFC /* [CP] Check Pods Manifest.lock */,
				BDC173D32E97059700C4B5CE /* Sources */,
				BDC173D42E97059700C4B5CE /* Frameworks */,
				BDC173D52E97059700C4B5CE /* Resources */,
			);
			buildRules = (
			);
			dependencies = (
				BDC173D92E97059700C4B5CE /* PBXTargetDependency */,
			);
			fileSystemSynchronizedGroups = (
				BDC173DA2E97059700C4B5CE /* FoodiUITests */,
			);
			name = FoodiUITests;
			productName = FoodiUITests;
			productReference = BDC173D72E97059700C4B5CE /* FoodiUITests.xctest */;
			productType = "com.apple.product-type.bundle.ui-testing";
		};
/* End PBXNativeTarget section */

/* Begin PBXProject section */
		BDC173B82E97059400C4B5CE /* Project object */ = {
			isa = PBXProject;
			attributes = {
				BuildIndependentTargetsInParallel = 1;
				LastSwiftUpdateCheck = 2600;
				LastUpgradeCheck = 2610;
				TargetAttributes = {
					BDC173BF2E97059400C4B5CE = {
						CreatedOnToolsVersion = 26.0.1;
						LastSwiftMigration = 2600;
					};
					BDC173CC2E97059700C4B5CE = {
						CreatedOnToolsVersion = 26.0.1;
						TestTargetID = BDC173BF2E97059400C4B5CE;
					};
					BDC173D62E97059700C4B5CE = {
						CreatedOnToolsVersion = 26.0.1;
						TestTargetID = BDC173BF2E97059400C4B5CE;
					};
				};
			};
			buildConfigurationList = BDC173BB2E97059400C4B5CE /* Build configuration list for PBXProject "GymLink" */;
			developmentRegion = en;
			hasScannedForEncodings = 0;
			knownRegions = (
				en,
				Base,
			);
			mainGroup = BDC173B72E97059400C4B5CE;
			minimizedProjectReferenceProxies = 1;
			packageReferences = (
				BD7AA5D32E974899003DA16B /* XCRemoteSwiftPackageReference "firebase-ios-sdk" */,
			);
			preferredProjectObjectVersion = 77;
			productRefGroup = BDC173C12E97059400C4B5CE /* Products */;
			projectDirPath = "";
			projectRoot = "";
			targets = (
				BDC173BF2E97059400C4B5CE /* Foodi */,
				BDC173CC2E97059700C4B5CE /* FoodiTests */,
				BDC173D62E97059700C4B5CE /* FoodiUITests */,
			);
		};
/* End PBXProject section */

/* Begin PBXResourcesBuildPhase section */
		BDC173BE2E97059400C4B5CE /* Resources */ = {
			isa = PBXResourcesBuildPhase;
			buildActionMask = 2147483647;
			files = (
			);
			runOnlyForDeploymentPostprocessing = 0;
		};
		BDC173CB2E97059700C4B5CE /* Resources */ = {
			isa = PBXResourcesBuildPhase;
			buildActionMask = 2147483647;
			files = (
			);
			runOnlyForDeploymentPostprocessing = 0;
		};
		BDC173D52E97059700C4B5CE /* Resources */ = {
			isa = PBXResourcesBuildPhase;
			buildActionMask = 2147483647;
			files = (
			);
			runOnlyForDeploymentPostprocessing = 0;
		};
/* End PBXResourcesBuildPhase section */

/* Begin PBXShellScriptBuildPhase section */
		14D78BA5DCB638758AF37FFC /* [CP] Check Pods Manifest.lock */ = {
			isa = PBXShellScriptBuildPhase;
			buildActionMask = 2147483647;
			files = (
			);
			inputFileListPaths = (
			);
			inputPaths = (
				"${PODS_PODFILE_DIR_PATH}/Podfile.lock",
				"${PODS_ROOT}/Manifest.lock",
			);
			name = "[CP] Check Pods Manifest.lock";
			outputFileListPaths = (
			);
			outputPaths = (
				"$(DERIVED_FILE_DIR)/Pods-FoodiUITests-checkManifestLockResult.txt",
			);
			runOnlyForDeploymentPostprocessing = 0;
			shellPath = /bin/sh;
			shellScript = "diff \"${PODS_PODFILE_DIR_PATH}/Podfile.lock\" \"${PODS_ROOT}/Manifest.lock\" > /dev/null\nif [ $? != 0 ] ; then\n    # print error to STDERR\n    echo \"error: The sandbox is not in sync with the Podfile.lock. Run 'pod install' or update your CocoaPods installation.\" >&2\n    exit 1\nfi\n# This output is used by Xcode 'outputs' to avoid re-running this script phase.\necho \"SUCCESS\" > \"${SCRIPT_OUTPUT_FILE_0}\"\n";
			showEnvVarsInLog = 0;
		};
		57E5426874E3B2335CC44BA5 /* [CP] Check Pods Manifest.lock */ = {
			isa = PBXShellScriptBuildPhase;
			buildActionMask = 2147483647;
			files = (
			);
			inputFileListPaths = (
			);
			inputPaths = (
				"${PODS_PODFILE_DIR_PATH}/Podfile.lock",
				"${PODS_ROOT}/Manifest.lock",
			);
			name = "[CP] Check Pods Manifest.lock";
			outputFileListPaths = (
			);
			outputPaths = (
				"$(DERIVED_FILE_DIR)/Pods-FoodiTests-checkManifestLockResult.txt",
			);
			runOnlyForDeploymentPostprocessing = 0;
			shellPath = /bin/sh;
			shellScript = "diff \"${PODS_PODFILE_DIR_PATH}/Podfile.lock\" \"${PODS_ROOT}/Manifest.lock\" > /dev/null\nif [ $? != 0 ] ; then\n    # print error to STDERR\n    echo \"error: The sandbox is not in sync with the Podfile.lock. Run 'pod install' or update your CocoaPods installation.\" >&2\n    exit 1\nfi\n# This output is used by Xcode 'outputs' to avoid re-running this script phase.\necho \"SUCCESS\" > \"${SCRIPT_OUTPUT_FILE_0}\"\n";
			showEnvVarsInLog = 0;
		};
/* End PBXShellScriptBuildPhase section */

/* Begin PBXSourcesBuildPhase section */
		BDC173BC2E97059400C4B5CE /* Sources */ = {
			isa = PBXSourcesBuildPhase;
			buildActionMask = 2147483647;
			files = (
			);
			runOnlyForDeploymentPostprocessing = 0;
		};
		BDC173C92E97059700C4B5CE /* Sources */ = {
			isa = PBXSourcesBuildPhase;
			buildActionMask = 2147483647;
			files = (
			);
			runOnlyForDeploymentPostprocessing = 0;
		};
		BDC173D32E97059700C4B5CE /* Sources */ = {
			isa = PBXSourcesBuildPhase;
			buildActionMask = 2147483647;
			files = (
			);
			runOnlyForDeploymentPostprocessing = 0;
		};
/* End PBXSourcesBuildPhase section */

/* Begin PBXTargetDependency section */
		BDC173CF2E97059700C4B5CE /* PBXTargetDependency */ = {
			isa = PBXTargetDependency;
			target = BDC173BF2E97059400C4B5CE /* Foodi */;
			targetProxy = BDC173CE2E97059700C4B5CE /* PBXContainerItemProxy */;
		};
		BDC173D92E97059700C4B5CE /* PBXTargetDependency */ = {
			isa = PBXTargetDependency;
			target = BDC173BF2E97059400C4B5CE /* Foodi */;
			targetProxy = BDC173D82E97059700C4B5CE /* PBXContainerItemProxy */;
		};
/* End PBXTargetDependency section */

/* Begin XCBuildConfiguration section */
		BDC173DF2E97059700C4B5CE /* Debug */ = {
			isa = XCBuildConfiguration;
			buildSettings = {
				ALWAYS_SEARCH_USER_PATHS = NO;
				ASSETCATALOG_COMPILER_GENERATE_SWIFT_ASSET_SYMBOL_EXTENSIONS = YES;
				CLANG_ANALYZER_NONNULL = YES;
				CLANG_ANALYZER_NUMBER_OBJECT_CONVERSION = YES_AGGRESSIVE;
				CLANG_CXX_LANGUAGE_STANDARD = "gnu++20";
				CLANG_ENABLE_MODULES = YES;
				CLANG_ENABLE_OBJC_ARC = YES;
				CLANG_ENABLE_OBJC_WEAK = YES;
				CLANG_WARN_BLOCK_CAPTURE_AUTORELEASING = YES;
				CLANG_WARN_BOOL_CONVERSION = YES;
				CLANG_WARN_COMMA = YES;
				CLANG_WARN_CONSTANT_CONVERSION = YES;
				CLANG_WARN_DEPRECATED_OBJC_IMPLEMENTATIONS = YES;
				CLANG_WARN_DIRECT_OBJC_ISA_USAGE = YES_ERROR;
				CLANG_WARN_DOCUMENTATION_COMMENTS = YES;
				CLANG_WARN_EMPTY_BODY = YES;
				CLANG_WARN_ENUM_CONVERSION = YES;
				CLANG_WARN_INFINITE_RECURSION = YES;
				CLANG_WARN_INT_CONVERSION = YES;
				CLANG_WARN_NON_LITERAL_NULL_CONVERSION = YES;
				CLANG_WARN_OBJC_IMPLICIT_RETAIN_SELF = YES;
				CLANG_WARN_OBJC_LITERAL_CONVERSION = YES;
				CLANG_WARN_OBJC_ROOT_CLASS = YES_ERROR;
				CLANG_WARN_QUOTED_INCLUDE_IN_FRAMEWORK_HEADER = YES;
				CLANG_WARN_RANGE_LOOP_ANALYSIS = YES;
				CLANG_WARN_STRICT_PROTOTYPES = YES;
				CLANG_WARN_SUSPICIOUS_MOVE = YES;
				CLANG_WARN_UNGUARDED_AVAILABILITY = YES_AGGRESSIVE;
				CLANG_WARN_UNREACHABLE_CODE = YES;
				CLANG_WARN__DUPLICATE_METHOD_MATCH = YES;
				COPY_PHASE_STRIP = NO;
				DEBUG_INFORMATION_FORMAT = dwarf;
				ENABLE_STRICT_OBJC_MSGSEND = YES;
				ENABLE_TESTABILITY = YES;
				ENABLE_USER_SCRIPT_SANDBOXING = YES;
				GCC_C_LANGUAGE_STANDARD = gnu17;
				GCC_DYNAMIC_NO_PIC = NO;
				GCC_NO_COMMON_BLOCKS = YES;
				GCC_OPTIMIZATION_LEVEL = 0;
				GCC_PREPROCESSOR_DEFINITIONS = (
					"DEBUG=1",
					"$(inherited)",
				);
				GCC_WARN_64_TO_32_BIT_CONVERSION = YES;
				GCC_WARN_ABOUT_RETURN_TYPE = YES_ERROR;
				GCC_WARN_UNDECLARED_SELECTOR = YES;
				GCC_WARN_UNINITIALIZED_AUTOS = YES_AGGRESSIVE;
				GCC_WARN_UNUSED_FUNCTION = YES;
				GCC_WARN_UNUSED_VARIABLE = YES;
				IPHONEOS_DEPLOYMENT_TARGET = 26.0;
				LOCALIZATION_PREFERS_STRING_CATALOGS = YES;
				MTL_ENABLE_DEBUG_INFO = INCLUDE_SOURCE;
				MTL_FAST_MATH = YES;
				ONLY_ACTIVE_ARCH = YES;
				SDKROOT = iphoneos;
				STRING_CATALOG_GENERATE_SYMBOLS = YES;
				SWIFT_ACTIVE_COMPILATION_CONDITIONS = "DEBUG $(inherited)";
				SWIFT_OPTIMIZATION_LEVEL = "-Onone";
			};
			name = Debug;
		};
		BDC173E02E97059700C4B5CE /* Release */ = {
			isa = XCBuildConfiguration;
			buildSettings = {
				ALWAYS_SEARCH_USER_PATHS = NO;
				ASSETCATALOG_COMPILER_GENERATE_SWIFT_ASSET_SYMBOL_EXTENSIONS = YES;
				CLANG_ANALYZER_NONNULL = YES;
				CLANG_ANALYZER_NUMBER_OBJECT_CONVERSION = YES_AGGRESSIVE;
				CLANG_CXX_LANGUAGE_STANDARD = "gnu++20";
				CLANG_ENABLE_MODULES = YES;
				CLANG_ENABLE_OBJC_ARC = YES;
				CLANG_ENABLE_OBJC_WEAK = YES;
				CLANG_WARN_BLOCK_CAPTURE_AUTORELEASING = YES;
				CLANG_WARN_BOOL_CONVERSION = YES;
				CLANG_WARN_COMMA = YES;
				CLANG_WARN_CONSTANT_CONVERSION = YES;
				CLANG_WARN_DEPRECATED_OBJC_IMPLEMENTATIONS = YES;
				CLANG_WARN_DIRECT_OBJC_ISA_USAGE = YES_ERROR;
				CLANG_WARN_DOCUMENTATION_COMMENTS = YES;
				CLANG_WARN_EMPTY_BODY = YES;
				CLANG_WARN_ENUM_CONVERSION = YES;
				CLANG_WARN_INFINITE_RECURSION = YES;
				CLANG_WARN_INT_CONVERSION = YES;
				CLANG_WARN_NON_LITERAL_NULL_CONVERSION = YES;
				CLANG_WARN_OBJC_IMPLICIT_RETAIN_SELF = YES;
				CLANG_WARN_OBJC_LITERAL_CONVERSION = YES;
				CLANG_WARN_OBJC_ROOT_CLASS = YES_ERROR;
				CLANG_WARN_QUOTED_INCLUDE_IN_FRAMEWORK_HEADER = YES;
				CLANG_WARN_RANGE_LOOP_ANALYSIS = YES;
				CLANG_WARN_STRICT_PROTOTYPES = YES;
				CLANG_WARN_SUSPICIOUS_MOVE = YES;
				CLANG_WARN_UNGUARDED_AVAILABILITY = YES_AGGRESSIVE;
				CLANG_WARN_UNREACHABLE_CODE = YES;
				CLANG_WARN__DUPLICATE_METHOD_MATCH = YES;
				COPY_PHASE_STRIP = NO;
				DEBUG_INFORMATION_FORMAT = "dwarf-with-dsym";
				ENABLE_NS_ASSERTIONS = NO;
				ENABLE_STRICT_OBJC_MSGSEND = YES;
				ENABLE_USER_SCRIPT_SANDBOXING = YES;
				GCC_C_LANGUAGE_STANDARD = gnu17;
				GCC_NO_COMMON_BLOCKS = YES;
				GCC_WARN_64_TO_32_BIT_CONVERSION = YES;
				GCC_WARN_ABOUT_RETURN_TYPE = YES_ERROR;
				GCC_WARN_UNDECLARED_SELECTOR = YES;
				GCC_WARN_UNINITIALIZED_AUTOS = YES_AGGRESSIVE;
				GCC_WARN_UNUSED_FUNCTION = YES;
				GCC_WARN_UNUSED_VARIABLE = YES;
				IPHONEOS_DEPLOYMENT_TARGET = 26.0;
				LOCALIZATION_PREFERS_STRING_CATALOGS = YES;
				MTL_ENABLE_DEBUG_INFO = NO;
				MTL_FAST_MATH = YES;
				SDKROOT = iphoneos;
				STRING_CATALOG_GENERATE_SYMBOLS = YES;
				SWIFT_COMPILATION_MODE = wholemodule;
				VALIDATE_PRODUCT = YES;
			};
			name = Release;
		};
		BDC173E22E97059700C4B5CE /* Debug */ = {
			isa = XCBuildConfiguration;
			buildSettings = {
				ASSETCATALOG_COMPILER_APPICON_NAME = AppIcon;
				ASSETCATALOG_COMPILER_GLOBAL_ACCENT_COLOR_NAME = AccentColor;
				CLANG_ENABLE_MODULES = YES;
				CODE_SIGN_STYLE = Automatic;
				CURRENT_PROJECT_VERSION = 1;
				DEVELOPMENT_TEAM = 4A32XR3956;
				ENABLE_PREVIEWS = YES;
				GENERATE_INFOPLIST_FILE = YES;
				INFOPLIST_KEY_CFBundleDisplayName = GymLink;
				INFOPLIST_KEY_UIApplicationSceneManifest_Generation = YES;
				INFOPLIST_KEY_UIApplicationSupportsIndirectInputEvents = YES;
				INFOPLIST_KEY_UILaunchScreen_Generation = YES;
				INFOPLIST_KEY_UISupportedInterfaceOrientations_iPad = "UIInterfaceOrientationPortrait UIInterfaceOrientationPortraitUpsideDown UIInterfaceOrientationLandscapeLeft UIInterfaceOrientationLandscapeRight";
				INFOPLIST_KEY_UISupportedInterfaceOrientations_iPhone = "UIInterfaceOrientationPortrait UIInterfaceOrientationLandscapeLeft UIInterfaceOrientationLandscapeRight";
				LD_RUNPATH_SEARCH_PATHS = (
					"$(inherited)",
					"@executable_path/Frameworks",
				);
				MARKETING_VERSION = 1.0;
				PRODUCT_BUNDLE_IDENTIFIER = GymLink.Francisco.Campa;
				PRODUCT_NAME = "$(TARGET_NAME)";
				STRING_CATALOG_GENERATE_SYMBOLS = YES;
				SWIFT_APPROACHABLE_CONCURRENCY = YES;
				SWIFT_DEFAULT_ACTOR_ISOLATION = MainActor;
				SWIFT_EMIT_LOC_STRINGS = YES;
				SWIFT_OPTIMIZATION_LEVEL = "-Onone";
				SWIFT_UPCOMING_FEATURE_MEMBER_IMPORT_VISIBILITY = YES;
				SWIFT_VERSION = 5.0;
				TARGETED_DEVICE_FAMILY = "1,2";
			};
			name = Debug;
		};
		BDC173E32E97059700C4B5CE /* Release */ = {
			isa = XCBuildConfiguration;
			buildSettings = {
				ASSETCATALOG_COMPILER_APPICON_NAME = AppIcon;
				ASSETCATALOG_COMPILER_GLOBAL_ACCENT_COLOR_NAME = AccentColor;
				CLANG_ENABLE_MODULES = YES;
				CODE_SIGN_STYLE = Automatic;
				CURRENT_PROJECT_VERSION = 1;
				DEVELOPMENT_TEAM = 4A32XR3956;
				ENABLE_PREVIEWS = YES;
				GENERATE_INFOPLIST_FILE = YES;
				INFOPLIST_KEY_CFBundleDisplayName = GymLink;
				INFOPLIST_KEY_UIApplicationSceneManifest_Generation = YES;
				INFOPLIST_KEY_UIApplicationSupportsIndirectInputEvents = YES;
				INFOPLIST_KEY_UILaunchScreen_Generation = YES;
				INFOPLIST_KEY_UISupportedInterfaceOrientations_iPad = "UIInterfaceOrientationPortrait UIInterfaceOrientationPortraitUpsideDown UIInterfaceOrientationLandscapeLeft UIInterfaceOrientationLandscapeRight";
				INFOPLIST_KEY_UISupportedInterfaceOrientations_iPhone = "UIInterfaceOrientationPortrait UIInterfaceOrientationLandscapeLeft UIInterfaceOrientationLandscapeRight";
				LD_RUNPATH_SEARCH_PATHS = (
					"$(inherited)",
					"@executable_path/Frameworks",
				);
				MARKETING_VERSION = 1.0;
				PRODUCT_BUNDLE_IDENTIFIER = GymLink.Francisco.Campa;
				PRODUCT_NAME = "$(TARGET_NAME)";
				STRING_CATALOG_GENERATE_SYMBOLS = YES;
				SWIFT_APPROACHABLE_CONCURRENCY = YES;
				SWIFT_DEFAULT_ACTOR_ISOLATION = MainActor;
				SWIFT_EMIT_LOC_STRINGS = YES;
				SWIFT_UPCOMING_FEATURE_MEMBER_IMPORT_VISIBILITY = YES;
				SWIFT_VERSION = 5.0;
				TARGETED_DEVICE_FAMILY = "1,2";
			};
			name = Release;
		};
		BDC173E52E97059700C4B5CE /* Debug */ = {
			isa = XCBuildConfiguration;
			buildSettings = {
				BUNDLE_LOADER = "$(TEST_HOST)";
				CODE_SIGN_STYLE = Automatic;
				CURRENT_PROJECT_VERSION = 1;
				GENERATE_INFOPLIST_FILE = YES;
				IPHONEOS_DEPLOYMENT_TARGET = 26.0;
				MARKETING_VERSION = 1.0;
				PRODUCT_BUNDLE_IDENTIFIER = COMP350.FoodiTests;
				PRODUCT_NAME = "$(TARGET_NAME)";
				STRING_CATALOG_GENERATE_SYMBOLS = NO;
				SWIFT_APPROACHABLE_CONCURRENCY = YES;
				SWIFT_EMIT_LOC_STRINGS = NO;
				SWIFT_UPCOMING_FEATURE_MEMBER_IMPORT_VISIBILITY = YES;
				SWIFT_VERSION = 5.0;
				TARGETED_DEVICE_FAMILY = "1,2";
				TEST_HOST = "$(BUILT_PRODUCTS_DIR)/Foodi.app/$(BUNDLE_EXECUTABLE_FOLDER_PATH)/Foodi";
			};
			name = Debug;
		};
		BDC173E62E97059700C4B5CE /* Release */ = {
			isa = XCBuildConfiguration;
			buildSettings = {
				BUNDLE_LOADER = "$(TEST_HOST)";
				CODE_SIGN_STYLE = Automatic;
				CURRENT_PROJECT_VERSION = 1;
				GENERATE_INFOPLIST_FILE = YES;
				IPHONEOS_DEPLOYMENT_TARGET = 26.0;
				MARKETING_VERSION = 1.0;
				PRODUCT_BUNDLE_IDENTIFIER = COMP350.FoodiTests;
				PRODUCT_NAME = "$(TARGET_NAME)";
				STRING_CATALOG_GENERATE_SYMBOLS = NO;
				SWIFT_APPROACHABLE_CONCURRENCY = YES;
				SWIFT_EMIT_LOC_STRINGS = NO;
				SWIFT_UPCOMING_FEATURE_MEMBER_IMPORT_VISIBILITY = YES;
				SWIFT_VERSION = 5.0;
				TARGETED_DEVICE_FAMILY = "1,2";
				TEST_HOST = "$(BUILT_PRODUCTS_DIR)/Foodi.app/$(BUNDLE_EXECUTABLE_FOLDER_PATH)/Foodi";
			};
			name = Release;
		};
		BDC173E82E97059700C4B5CE /* Debug */ = {
			isa = XCBuildConfiguration;
			buildSettings = {
				CODE_SIGN_STYLE = Automatic;
				CURRENT_PROJECT_VERSION = 1;
				GENERATE_INFOPLIST_FILE = YES;
				MARKETING_VERSION = 1.0;
				PRODUCT_BUNDLE_IDENTIFIER = COMP350.FoodiUITests;
				PRODUCT_NAME = "$(TARGET_NAME)";
				STRING_CATALOG_GENERATE_SYMBOLS = NO;
				SWIFT_APPROACHABLE_CONCURRENCY = YES;
				SWIFT_EMIT_LOC_STRINGS = NO;
				SWIFT_UPCOMING_FEATURE_MEMBER_IMPORT_VISIBILITY = YES;
				SWIFT_VERSION = 5.0;
				TARGETED_DEVICE_FAMILY = "1,2";
				TEST_TARGET_NAME = Foodi;
			};
			name = Debug;
		};
		BDC173E92E97059700C4B5CE /* Release */ = {
			isa = XCBuildConfiguration;
			buildSettings = {
				CODE_SIGN_STYLE = Automatic;
				CURRENT_PROJECT_VERSION = 1;
				GENERATE_INFOPLIST_FILE = YES;
				MARKETING_VERSION = 1.0;
				PRODUCT_BUNDLE_IDENTIFIER = COMP350.FoodiUITests;
				PRODUCT_NAME = "$(TARGET_NAME)";
				STRING_CATALOG_GENERATE_SYMBOLS = NO;
				SWIFT_APPROACHABLE_CONCURRENCY = YES;
				SWIFT_EMIT_LOC_STRINGS = NO;
				SWIFT_UPCOMING_FEATURE_MEMBER_IMPORT_VISIBILITY = YES;
				SWIFT_VERSION = 5.0;
				TARGETED_DEVICE_FAMILY = "1,2";
				TEST_TARGET_NAME = Foodi;
			};
			name = Release;
		};
/* End XCBuildConfiguration section */

/* Begin XCConfigurationList section */
		BDC173BB2E97059400C4B5CE /* Build configuration list for PBXProject "GymLink" */ = {
			isa = XCConfigurationList;
			buildConfigurations = (
				BDC173DF2E97059700C4B5CE /* Debug */,
				BDC173E02E97059700C4B5CE /* Release */,
			);
			defaultConfigurationIsVisible = 0;
			defaultConfigurationName = Release;
		};
		BDC173E12E97059700C4B5CE /* Build configuration list for PBXNativeTarget "Foodi" */ = {
			isa = XCConfigurationList;
			buildConfigurations = (
				BDC173E22E97059700C4B5CE /* Debug */,
				BDC173E32E97059700C4B5CE /* Release */,
			);
			defaultConfigurationIsVisible = 0;
			defaultConfigurationName = Release;
		};
		BDC173E42E97059700C4B5CE /* Build configuration list for PBXNativeTarget "FoodiTests" */ = {
			isa = XCConfigurationList;
			buildConfigurations = (
				BDC173E52E97059700C4B5CE /* Debug */,
				BDC173E62E97059700C4B5CE /* Release */,
			);
			defaultConfigurationIsVisible = 0;
			defaultConfigurationName = Release;
		};
		BDC173E72E97059700C4B5CE /* Build configuration list for PBXNativeTarget "FoodiUITests" */ = {
			isa = XCConfigurationList;
			buildConfigurations = (
				BDC173E82E97059700C4B5CE /* Debug */,
				BDC173E92E97059700C4B5CE /* Release */,
			);
			defaultConfigurationIsVisible = 0;
			defaultConfigurationName = Release;
		};
/* End XCConfigurationList section */

/* Begin XCRemoteSwiftPackageReference section */
		BD7AA5D32E974899003DA16B /* XCRemoteSwiftPackageReference "firebase-ios-sdk" */ = {
			isa = XCRemoteSwiftPackageReference;
			repositoryURL = "https://github.com/firebase/firebase-ios-sdk.git";
			requirement = {
				kind = upToNextMajorVersion;
				minimumVersion = 12.4.0;
			};
		};
/* End XCRemoteSwiftPackageReference section */

/* Begin XCSwiftPackageProductDependency section */
		BD7AA5D52E9748B9003DA16B /* FirebaseAuth */ = {
			isa = XCSwiftPackageProductDependency;
			package = BD7AA5D32E974899003DA16B /* XCRemoteSwiftPackageReference "firebase-ios-sdk" */;
			productName = FirebaseAuth;
		};
		BD7AA5D72E9748B9003DA16B /* FirebaseCore */ = {
			isa = XCSwiftPackageProductDependency;
			package = BD7AA5D32E974899003DA16B /* XCRemoteSwiftPackageReference "firebase-ios-sdk" */;
			productName = FirebaseCore;
		};
		BD7AA5D92E9748B9003DA16B /* FirebaseFirestore */ = {
			isa = XCSwiftPackageProductDependency;
			package = BD7AA5D32E974899003DA16B /* XCRemoteSwiftPackageReference "firebase-ios-sdk" */;
			productName = FirebaseFirestore;
		};
		BD7AA5DB2E9748B9003DA16B /* FirebaseStorage */ = {
			isa = XCSwiftPackageProductDependency;
			package = BD7AA5D32E974899003DA16B /* XCRemoteSwiftPackageReference "firebase-ios-sdk" */;
			productName = FirebaseStorage;
		};
/* End XCSwiftPackageProductDependency section */
	};
	rootObject = BDC173B82E97059400C4B5CE /* Project object */;
}
